PODS:
  - UITestHelper (1.0.0):
    - UITestHelper/Core (= 1.0.0)
  - UITestHelper/App (1.0.0)
  - UITestHelper/Core (1.0.0)

DEPENDENCIES:
  - UITestHelper (from `./`)
  - UITestHelper/App (from `./`)

EXTERNAL SOURCES:
  UITestHelper:
    :path: "./"

SPEC CHECKSUMS:
  UITestHelper: 473b9d92db06c4d0f31ea66c7e80d0fd60a9a2cf

PODFILE CHECKSUM: e269804d43724355c0d938a0f0d4e5c0f7f75276

COCOAPODS: 1.5.0
