PODS:
  - UITestHelper (1.3.1):
    - UITestHelper/Core (= 1.3.1)
  - UITestHelper/App (1.3.1)
  - UITestHelper/Core (1.3.1)

DEPENDENCIES:
  - UITestHelper (from `./`)
  - UITestHelper/App (from `./`)

EXTERNAL SOURCES:
  UITestHelper:
    :path: "./"

SPEC CHECKSUMS:
  UITestHelper: 947d402afa2e77bcdec4c2b11b9f61a6f52fecaf

PODFILE CHECKSUM: e269804d43724355c0d938a0f0d4e5c0f7f75276

COCOAPODS: 1.5.2
