// !$*UTF8*$!
{
	archiveVersion = 1;
	classes = {
	};
	objectVersion = 46;
	objects = {

/* Begin PBXBuildFile section */
		04BD278C20BDA7E000BCE56B /* AccessibilityIdentifier.swift in Sources */ = {isa = PBXBuildFile; fileRef = 04BD278B20BDA7E000BCE56B /* AccessibilityIdentifier.swift */; };
		04BD278D20BDA83400BCE56B /* AccessibilityIdentifier.swift in Sources */ = {isa = PBXBuildFile; fileRef = 04BD278B20BDA7E000BCE56B /* AccessibilityIdentifier.swift */; };
		45680A7A2E292E74D3037503 /* Pods_UITestHelperApp.framework in Frameworks */ = {isa = PBXBuildFile; fileRef = A465357AD139CC65FFC2A7F6 /* Pods_UITestHelperApp.framework */; };
		7F75C5281E4536EA003B08C5 /* AppDelegate.swift in Sources */ = {isa = PBXBuildFile; fileRef = 7F75C5271E4536EA003B08C5 /* AppDelegate.swift */; };
		7F75C52A1E4536EA003B08C5 /* ViewController.swift in Sources */ = {isa = PBXBuildFile; fileRef = 7F75C5291E4536EA003B08C5 /* ViewController.swift */; };
		7F75C52D1E4536EA003B08C5 /* Main.storyboard in Resources */ = {isa = PBXBuildFile; fileRef = 7F75C52B1E4536EA003B08C5 /* Main.storyboard */; };
		7F75C52F1E4536EA003B08C5 /* Assets.xcassets in Resources */ = {isa = PBXBuildFile; fileRef = 7F75C52E1E4536EA003B08C5 /* Assets.xcassets */; };
		7F75C5321E4536EA003B08C5 /* LaunchScreen.storyboard in Resources */ = {isa = PBXBuildFile; fileRef = 7F75C5301E4536EA003B08C5 /* LaunchScreen.storyboard */; };
		7F75C53D1E4536EA003B08C5 /* UITestHelperUITests.swift in Sources */ = {isa = PBXBuildFile; fileRef = 7F75C53C1E4536EA003B08C5 /* UITestHelperUITests.swift */; };
		7F75C5481E4543A2003B08C5 /* LaunchArguments.swift in Sources */ = {isa = PBXBuildFile; fileRef = 7F75C5471E4543A2003B08C5 /* LaunchArguments.swift */; };
		7F75C5491E4544D9003B08C5 /* LaunchArguments.swift in Sources */ = {isa = PBXBuildFile; fileRef = 7F75C5471E4543A2003B08C5 /* LaunchArguments.swift */; };
		FA0F90089AB20DE4FB0B03E7 /* Pods_UITestHelperUITests.framework in Frameworks */ = {isa = PBXBuildFile; fileRef = 4230A07BF76A32E522088C3D /* Pods_UITestHelperUITests.framework */; };
/* End PBXBuildFile section */

/* Begin PBXContainerItemProxy section */
		7F75C5391E4536EA003B08C5 /* PBXContainerItemProxy */ = {
			isa = PBXContainerItemProxy;
			containerPortal = 7F75C51C1E4536EA003B08C5 /* Project object */;
			proxyType = 1;
			remoteGlobalIDString = 7F75C5231E4536EA003B08C5;
			remoteInfo = UITestHelper;
		};
/* End PBXContainerItemProxy section */

/* Begin PBXFileReference section */
		04BD278B20BDA7E000BCE56B /* AccessibilityIdentifier.swift */ = {isa = PBXFileReference; lastKnownFileType = sourcecode.swift; path = AccessibilityIdentifier.swift; sourceTree = "<group>"; };
		13D5E72F75F79FB57BF6E1D1 /* Pods-UITestHelperApp.debug.xcconfig */ = {isa = PBXFileReference; includeInIndex = 1; lastKnownFileType = text.xcconfig; name = "Pods-UITestHelperApp.debug.xcconfig"; path = "Pods/Target Support Files/Pods-UITestHelperApp/Pods-UITestHelperApp.debug.xcconfig"; sourceTree = "<group>"; };
		18BB0B8A63042C713FBAEA73 /* Pods-UITestHelperUITests.debug.xcconfig */ = {isa = PBXFileReference; includeInIndex = 1; lastKnownFileType = text.xcconfig; name = "Pods-UITestHelperUITests.debug.xcconfig"; path = "Pods/Target Support Files/Pods-UITestHelperUITests/Pods-UITestHelperUITests.debug.xcconfig"; sourceTree = "<group>"; };
		38FFA42FA9C58CD307C6A96B /* Pods_UITestHelper.framework */ = {isa = PBXFileReference; explicitFileType = wrapper.framework; includeInIndex = 0; path = Pods_UITestHelper.framework; sourceTree = BUILT_PRODUCTS_DIR; };
		4230A07BF76A32E522088C3D /* Pods_UITestHelperUITests.framework */ = {isa = PBXFileReference; explicitFileType = wrapper.framework; includeInIndex = 0; path = Pods_UITestHelperUITests.framework; sourceTree = BUILT_PRODUCTS_DIR; };
		5DF975904D9582FA4EF9DCA0 /* Pods-UITestHelperUITests.release.xcconfig */ = {isa = PBXFileReference; includeInIndex = 1; lastKnownFileType = text.xcconfig; name = "Pods-UITestHelperUITests.release.xcconfig"; path = "Pods/Target Support Files/Pods-UITestHelperUITests/Pods-UITestHelperUITests.release.xcconfig"; sourceTree = "<group>"; };
		7F75C5241E4536EA003B08C5 /* UITestHelperApp.app */ = {isa = PBXFileReference; explicitFileType = wrapper.application; includeInIndex = 0; path = UITestHelperApp.app; sourceTree = BUILT_PRODUCTS_DIR; };
		7F75C5271E4536EA003B08C5 /* AppDelegate.swift */ = {isa = PBXFileReference; lastKnownFileType = sourcecode.swift; path = AppDelegate.swift; sourceTree = "<group>"; };
		7F75C5291E4536EA003B08C5 /* ViewController.swift */ = {isa = PBXFileReference; lastKnownFileType = sourcecode.swift; path = ViewController.swift; sourceTree = "<group>"; };
		7F75C52C1E4536EA003B08C5 /* Base */ = {isa = PBXFileReference; lastKnownFileType = file.storyboard; name = Base; path = Base.lproj/Main.storyboard; sourceTree = "<group>"; };
		7F75C52E1E4536EA003B08C5 /* Assets.xcassets */ = {isa = PBXFileReference; lastKnownFileType = folder.assetcatalog; path = Assets.xcassets; sourceTree = "<group>"; };
		7F75C5311E4536EA003B08C5 /* Base */ = {isa = PBXFileReference; lastKnownFileType = file.storyboard; name = Base; path = Base.lproj/LaunchScreen.storyboard; sourceTree = "<group>"; };
		7F75C5331E4536EA003B08C5 /* Info.plist */ = {isa = PBXFileReference; lastKnownFileType = text.plist.xml; path = Info.plist; sourceTree = "<group>"; };
		7F75C5381E4536EA003B08C5 /* UITestHelperUITests.xctest */ = {isa = PBXFileReference; explicitFileType = wrapper.cfbundle; includeInIndex = 0; path = UITestHelperUITests.xctest; sourceTree = BUILT_PRODUCTS_DIR; };
		7F75C53C1E4536EA003B08C5 /* UITestHelperUITests.swift */ = {isa = PBXFileReference; lastKnownFileType = sourcecode.swift; path = UITestHelperUITests.swift; sourceTree = "<group>"; wrapsLines = 0; };
		7F75C53E1E4536EA003B08C5 /* Info.plist */ = {isa = PBXFileReference; lastKnownFileType = text.plist.xml; path = Info.plist; sourceTree = "<group>"; };
		7F75C5471E4543A2003B08C5 /* LaunchArguments.swift */ = {isa = PBXFileReference; fileEncoding = 4; lastKnownFileType = sourcecode.swift; path = LaunchArguments.swift; sourceTree = "<group>"; };
		A465357AD139CC65FFC2A7F6 /* Pods_UITestHelperApp.framework */ = {isa = PBXFileReference; explicitFileType = wrapper.framework; includeInIndex = 0; path = Pods_UITestHelperApp.framework; sourceTree = BUILT_PRODUCTS_DIR; };
		C296AF9CAAD6BA87B1527802 /* Pods-UITestHelperApp.release.xcconfig */ = {isa = PBXFileReference; includeInIndex = 1; lastKnownFileType = text.xcconfig; name = "Pods-UITestHelperApp.release.xcconfig"; path = "Pods/Target Support Files/Pods-UITestHelperApp/Pods-UITestHelperApp.release.xcconfig"; sourceTree = "<group>"; };
		CB050A8CD562DDFD0147B2C4 /* Pods-UITestHelper.debug.xcconfig */ = {isa = PBXFileReference; includeInIndex = 1; lastKnownFileType = text.xcconfig; name = "Pods-UITestHelper.debug.xcconfig"; path = "Pods/Target Support Files/Pods-UITestHelper/Pods-UITestHelper.debug.xcconfig"; sourceTree = "<group>"; };
		E8DE58A3086B9C89566D5D6E /* Pods-UITestHelper.release.xcconfig */ = {isa = PBXFileReference; includeInIndex = 1; lastKnownFileType = text.xcconfig; name = "Pods-UITestHelper.release.xcconfig"; path = "Pods/Target Support Files/Pods-UITestHelper/Pods-UITestHelper.release.xcconfig"; sourceTree = "<group>"; };
/* End PBXFileReference section */

/* Begin PBXFrameworksBuildPhase section */
		7F75C5211E4536EA003B08C5 /* Frameworks */ = {
			isa = PBXFrameworksBuildPhase;
			buildActionMask = 2147483647;
			files = (
				45680A7A2E292E74D3037503 /* Pods_UITestHelperApp.framework in Frameworks */,
			);
			runOnlyForDeploymentPostprocessing = 0;
		};
		7F75C5351E4536EA003B08C5 /* Frameworks */ = {
			isa = PBXFrameworksBuildPhase;
			buildActionMask = 2147483647;
			files = (
				FA0F90089AB20DE4FB0B03E7 /* Pods_UITestHelperUITests.framework in Frameworks */,
			);
			runOnlyForDeploymentPostprocessing = 0;
		};
/* End PBXFrameworksBuildPhase section */

/* Begin PBXGroup section */
		7F75C51B1E4536EA003B08C5 = {
			isa = PBXGroup;
			children = (
				7F75C5261E4536EA003B08C5 /* UITestHelperApp */,
				7F75C53B1E4536EA003B08C5 /* UITestHelperUITests */,
				7F75C5251E4536EA003B08C5 /* Products */,
				ADBE945933B780DEBD4B987F /* Pods */,
				C71190D47CD362DAFD15723D /* Frameworks */,
			);
			sourceTree = "<group>";
		};
		7F75C5251E4536EA003B08C5 /* Products */ = {
			isa = PBXGroup;
			children = (
				7F75C5241E4536EA003B08C5 /* UITestHelperApp.app */,
				7F75C5381E4536EA003B08C5 /* UITestHelperUITests.xctest */,
			);
			name = Products;
			sourceTree = "<group>";
		};
		7F75C5261E4536EA003B08C5 /* UITestHelperApp */ = {
			isa = PBXGroup;
			children = (
				7F75C5271E4536EA003B08C5 /* AppDelegate.swift */,
				7F75C5291E4536EA003B08C5 /* ViewController.swift */,
				7F75C52B1E4536EA003B08C5 /* Main.storyboard */,
				7F75C52E1E4536EA003B08C5 /* Assets.xcassets */,
				7F75C5301E4536EA003B08C5 /* LaunchScreen.storyboard */,
				7F75C5331E4536EA003B08C5 /* Info.plist */,
				04BD278B20BDA7E000BCE56B /* AccessibilityIdentifier.swift */,
			);
			name = UITestHelperApp;
			path = UITestHelper;
			sourceTree = "<group>";
		};
		7F75C53B1E4536EA003B08C5 /* UITestHelperUITests */ = {
			isa = PBXGroup;
			children = (
				7F75C53E1E4536EA003B08C5 /* Info.plist */,
				7F75C5471E4543A2003B08C5 /* LaunchArguments.swift */,
				7F75C53C1E4536EA003B08C5 /* UITestHelperUITests.swift */,
			);
			path = UITestHelperUITests;
			sourceTree = "<group>";
		};
		ADBE945933B780DEBD4B987F /* Pods */ = {
			isa = PBXGroup;
			children = (
				CB050A8CD562DDFD0147B2C4 /* Pods-UITestHelper.debug.xcconfig */,
				E8DE58A3086B9C89566D5D6E /* Pods-UITestHelper.release.xcconfig */,
				18BB0B8A63042C713FBAEA73 /* Pods-UITestHelperUITests.debug.xcconfig */,
				5DF975904D9582FA4EF9DCA0 /* Pods-UITestHelperUITests.release.xcconfig */,
				13D5E72F75F79FB57BF6E1D1 /* Pods-UITestHelperApp.debug.xcconfig */,
				C296AF9CAAD6BA87B1527802 /* Pods-UITestHelperApp.release.xcconfig */,
			);
			name = Pods;
			sourceTree = "<group>";
		};
		C71190D47CD362DAFD15723D /* Frameworks */ = {
			isa = PBXGroup;
			children = (
				38FFA42FA9C58CD307C6A96B /* Pods_UITestHelper.framework */,
				4230A07BF76A32E522088C3D /* Pods_UITestHelperUITests.framework */,
				A465357AD139CC65FFC2A7F6 /* Pods_UITestHelperApp.framework */,
			);
			name = Frameworks;
			sourceTree = "<group>";
		};
/* End PBXGroup section */

/* Begin PBXNativeTarget section */
		7F75C5231E4536EA003B08C5 /* UITestHelperApp */ = {
			isa = PBXNativeTarget;
			buildConfigurationList = 7F75C5411E4536EA003B08C5 /* Build configuration list for PBXNativeTarget "UITestHelperApp" */;
			buildPhases = (
				F152681F3D1B4799EA5EAE04 /* [CP] Check Pods Manifest.lock */,
				7F75C5201E4536EA003B08C5 /* Sources */,
				7F75C5211E4536EA003B08C5 /* Frameworks */,
				7F75C5221E4536EA003B08C5 /* Resources */,
				4A410DAFB4591356F1430B13 /* [CP] Embed Pods Frameworks */,
			);
			buildRules = (
			);
			dependencies = (
			);
			name = UITestHelperApp;
			productName = UITestHelper;
			productReference = 7F75C5241E4536EA003B08C5 /* UITestHelperApp.app */;
			productType = "com.apple.product-type.application";
		};
		7F75C5371E4536EA003B08C5 /* UITestHelperUITests */ = {
			isa = PBXNativeTarget;
			buildConfigurationList = 7F75C5441E4536EA003B08C5 /* Build configuration list for PBXNativeTarget "UITestHelperUITests" */;
			buildPhases = (
				2D2E910D3945B06AA063B6F5 /* [CP] Check Pods Manifest.lock */,
				7F75C5341E4536EA003B08C5 /* Sources */,
				7F75C5351E4536EA003B08C5 /* Frameworks */,
				7F75C5361E4536EA003B08C5 /* Resources */,
				4EA955B5E3279F9C25089689 /* [CP] Embed Pods Frameworks */,
			);
			buildRules = (
			);
			dependencies = (
				7F75C53A1E4536EA003B08C5 /* PBXTargetDependency */,
			);
			name = UITestHelperUITests;
			productName = UITestHelperUITests;
			productReference = 7F75C5381E4536EA003B08C5 /* UITestHelperUITests.xctest */;
			productType = "com.apple.product-type.bundle.ui-testing";
		};
/* End PBXNativeTarget section */

/* Begin PBXProject section */
		7F75C51C1E4536EA003B08C5 /* Project object */ = {
			isa = PBXProject;
			attributes = {
				LastSwiftUpdateCheck = 0820;
				LastUpgradeCheck = 0900;
				ORGANIZATIONNAME = evict;
				TargetAttributes = {
					7F75C5231E4536EA003B08C5 = {
						CreatedOnToolsVersion = 8.2.1;
						DevelopmentTeam = WTH4QGEA23;
						LastSwiftMigration = 0900;
						ProvisioningStyle = Automatic;
					};
					7F75C5371E4536EA003B08C5 = {
						CreatedOnToolsVersion = 8.2.1;
						DevelopmentTeam = WTH4QGEA23;
						LastSwiftMigration = 0900;
						ProvisioningStyle = Automatic;
						TestTargetID = 7F75C5231E4536EA003B08C5;
					};
				};
			};
			buildConfigurationList = 7F75C51F1E4536EA003B08C5 /* Build configuration list for PBXProject "UITestHelper" */;
			compatibilityVersion = "Xcode 3.2";
			developmentRegion = English;
			hasScannedForEncodings = 0;
			knownRegions = (
				en,
				Base,
			);
			mainGroup = 7F75C51B1E4536EA003B08C5;
			productRefGroup = 7F75C5251E4536EA003B08C5 /* Products */;
			projectDirPath = "";
			projectRoot = "";
			targets = (
				7F75C5231E4536EA003B08C5 /* UITestHelperApp */,
				7F75C5371E4536EA003B08C5 /* UITestHelperUITests */,
			);
		};
/* End PBXProject section */

/* Begin PBXResourcesBuildPhase section */
		7F75C5221E4536EA003B08C5 /* Resources */ = {
			isa = PBXResourcesBuildPhase;
			buildActionMask = 2147483647;
			files = (
				7F75C5321E4536EA003B08C5 /* LaunchScreen.storyboard in Resources */,
				7F75C52F1E4536EA003B08C5 /* Assets.xcassets in Resources */,
				7F75C52D1E4536EA003B08C5 /* Main.storyboard in Resources */,
			);
			runOnlyForDeploymentPostprocessing = 0;
		};
		7F75C5361E4536EA003B08C5 /* Resources */ = {
			isa = PBXResourcesBuildPhase;
			buildActionMask = 2147483647;
			files = (
			);
			runOnlyForDeploymentPostprocessing = 0;
		};
/* End PBXResourcesBuildPhase section */

/* Begin PBXShellScriptBuildPhase section */
		2D2E910D3945B06AA063B6F5 /* [CP] Check Pods Manifest.lock */ = {
			isa = PBXShellScriptBuildPhase;
			buildActionMask = 2147483647;
			files = (
			);
			inputPaths = (
				"${PODS_PODFILE_DIR_PATH}/Podfile.lock",
				"${PODS_ROOT}/Manifest.lock",
			);
			name = "[CP] Check Pods Manifest.lock";
			outputPaths = (
				"$(DERIVED_FILE_DIR)/Pods-UITestHelperUITests-checkManifestLockResult.txt",
			);
			runOnlyForDeploymentPostprocessing = 0;
			shellPath = /bin/sh;
			shellScript = "diff \"${PODS_PODFILE_DIR_PATH}/Podfile.lock\" \"${PODS_ROOT}/Manifest.lock\" > /dev/null\nif [ $? != 0 ] ; then\n    # print error to STDERR\n    echo \"error: The sandbox is not in sync with the Podfile.lock. Run 'pod install' or update your CocoaPods installation.\" >&2\n    exit 1\nfi\n# This output is used by Xcode 'outputs' to avoid re-running this script phase.\necho \"SUCCESS\" > \"${SCRIPT_OUTPUT_FILE_0}\"\n";
			showEnvVarsInLog = 0;
		};
		4A410DAFB4591356F1430B13 /* [CP] Embed Pods Frameworks */ = {
			isa = PBXShellScriptBuildPhase;
			buildActionMask = 2147483647;
			files = (
			);
			inputPaths = (
				"${SRCROOT}/Pods/Target Support Files/Pods-UITestHelperApp/Pods-UITestHelperApp-frameworks.sh",
				"${BUILT_PRODUCTS_DIR}/UITestHelper-App/UITestHelper.framework",
			);
			name = "[CP] Embed Pods Frameworks";
			outputPaths = (
				"${TARGET_BUILD_DIR}/${FRAMEWORKS_FOLDER_PATH}/UITestHelper.framework",
			);
			runOnlyForDeploymentPostprocessing = 0;
			shellPath = /bin/sh;
			shellScript = "\"${SRCROOT}/Pods/Target Support Files/Pods-UITestHelperApp/Pods-UITestHelperApp-frameworks.sh\"\n";
			showEnvVarsInLog = 0;
		};
		4EA955B5E3279F9C25089689 /* [CP] Embed Pods Frameworks */ = {
			isa = PBXShellScriptBuildPhase;
			buildActionMask = 2147483647;
			files = (
			);
			inputPaths = (
				"${SRCROOT}/Pods/Target Support Files/Pods-UITestHelperUITests/Pods-UITestHelperUITests-frameworks.sh",
				"${BUILT_PRODUCTS_DIR}/UITestHelper/UITestHelper.framework",
			);
			name = "[CP] Embed Pods Frameworks";
			outputPaths = (
				"${TARGET_BUILD_DIR}/${FRAMEWORKS_FOLDER_PATH}/UITestHelper.framework",
			);
			runOnlyForDeploymentPostprocessing = 0;
			shellPath = /bin/sh;
			shellScript = "\"${SRCROOT}/Pods/Target Support Files/Pods-UITestHelperUITests/Pods-UITestHelperUITests-frameworks.sh\"\n";
			showEnvVarsInLog = 0;
		};
		F152681F3D1B4799EA5EAE04 /* [CP] Check Pods Manifest.lock */ = {
			isa = PBXShellScriptBuildPhase;
			buildActionMask = 2147483647;
			files = (
			);
			inputPaths = (
				"${PODS_PODFILE_DIR_PATH}/Podfile.lock",
				"${PODS_ROOT}/Manifest.lock",
			);
			name = "[CP] Check Pods Manifest.lock";
			outputPaths = (
				"$(DERIVED_FILE_DIR)/Pods-UITestHelperApp-checkManifestLockResult.txt",
			);
			runOnlyForDeploymentPostprocessing = 0;
			shellPath = /bin/sh;
			shellScript = "diff \"${PODS_PODFILE_DIR_PATH}/Podfile.lock\" \"${PODS_ROOT}/Manifest.lock\" > /dev/null\nif [ $? != 0 ] ; then\n    # print error to STDERR\n    echo \"error: The sandbox is not in sync with the Podfile.lock. Run 'pod install' or update your CocoaPods installation.\" >&2\n    exit 1\nfi\n# This output is used by Xcode 'outputs' to avoid re-running this script phase.\necho \"SUCCESS\" > \"${SCRIPT_OUTPUT_FILE_0}\"\n";
			showEnvVarsInLog = 0;
		};
/* End PBXShellScriptBuildPhase section */

/* Begin PBXSourcesBuildPhase section */
		7F75C5201E4536EA003B08C5 /* Sources */ = {
			isa = PBXSourcesBuildPhase;
			buildActionMask = 2147483647;
			files = (
				7F75C52A1E4536EA003B08C5 /* ViewController.swift in Sources */,
				7F75C5281E4536EA003B08C5 /* AppDelegate.swift in Sources */,
				7F75C5491E4544D9003B08C5 /* LaunchArguments.swift in Sources */,
				04BD278C20BDA7E000BCE56B /* AccessibilityIdentifier.swift in Sources */,
			);
			runOnlyForDeploymentPostprocessing = 0;
		};
		7F75C5341E4536EA003B08C5 /* Sources */ = {
			isa = PBXSourcesBuildPhase;
			buildActionMask = 2147483647;
			files = (
				7F75C53D1E4536EA003B08C5 /* UITestHelperUITests.swift in Sources */,
				04BD278D20BDA83400BCE56B /* AccessibilityIdentifier.swift in Sources */,
				7F75C5481E4543A2003B08C5 /* LaunchArguments.swift in Sources */,
			);
			runOnlyForDeploymentPostprocessing = 0;
		};
/* End PBXSourcesBuildPhase section */

/* Begin PBXTargetDependency section */
		7F75C53A1E4536EA003B08C5 /* PBXTargetDependency */ = {
			isa = PBXTargetDependency;
			target = 7F75C5231E4536EA003B08C5 /* UITestHelperApp */;
			targetProxy = 7F75C5391E4536EA003B08C5 /* PBXContainerItemProxy */;
		};
/* End PBXTargetDependency section */

/* Begin PBXVariantGroup section */
		7F75C52B1E4536EA003B08C5 /* Main.storyboard */ = {
			isa = PBXVariantGroup;
			children = (
				7F75C52C1E4536EA003B08C5 /* Base */,
			);
			name = Main.storyboard;
			sourceTree = "<group>";
		};
		7F75C5301E4536EA003B08C5 /* LaunchScreen.storyboard */ = {
			isa = PBXVariantGroup;
			children = (
				7F75C5311E4536EA003B08C5 /* Base */,
			);
			name = LaunchScreen.storyboard;
			sourceTree = "<group>";
		};
/* End PBXVariantGroup section */

/* Begin XCBuildConfiguration section */
		7F75C53F1E4536EA003B08C5 /* Debug */ = {
			isa = XCBuildConfiguration;
			buildSettings = {
				ALWAYS_SEARCH_USER_PATHS = NO;
				CLANG_ANALYZER_NONNULL = YES;
				CLANG_CXX_LANGUAGE_STANDARD = "gnu++0x";
				CLANG_CXX_LIBRARY = "libc++";
				CLANG_ENABLE_MODULES = YES;
				CLANG_ENABLE_OBJC_ARC = YES;
				CLANG_WARN_BLOCK_CAPTURE_AUTORELEASING = YES;
				CLANG_WARN_BOOL_CONVERSION = YES;
				CLANG_WARN_COMMA = YES;
				CLANG_WARN_CONSTANT_CONVERSION = YES;
				CLANG_WARN_DIRECT_OBJC_ISA_USAGE = YES_ERROR;
				CLANG_WARN_DOCUMENTATION_COMMENTS = YES;
				CLANG_WARN_EMPTY_BODY = YES;
				CLANG_WARN_ENUM_CONVERSION = YES;
				CLANG_WARN_INFINITE_RECURSION = YES;
				CLANG_WARN_INT_CONVERSION = YES;
				CLANG_WARN_NON_LITERAL_NULL_CONVERSION = YES;
				CLANG_WARN_OBJC_LITERAL_CONVERSION = YES;
				CLANG_WARN_OBJC_ROOT_CLASS = YES_ERROR;
				CLANG_WARN_RANGE_LOOP_ANALYSIS = YES;
				CLANG_WARN_STRICT_PROTOTYPES = YES;
				CLANG_WARN_SUSPICIOUS_MOVE = YES;
				CLANG_WARN_UNREACHABLE_CODE = YES;
				CLANG_WARN__DUPLICATE_METHOD_MATCH = YES;
				"CODE_SIGN_IDENTITY[sdk=iphoneos*]" = "iPhone Developer";
				COPY_PHASE_STRIP = NO;
				DEBUG_INFORMATION_FORMAT = dwarf;
				ENABLE_STRICT_OBJC_MSGSEND = YES;
				ENABLE_TESTABILITY = YES;
				GCC_C_LANGUAGE_STANDARD = gnu99;
				GCC_DYNAMIC_NO_PIC = NO;
				GCC_NO_COMMON_BLOCKS = YES;
				GCC_OPTIMIZATION_LEVEL = 0;
				GCC_PREPROCESSOR_DEFINITIONS = (
					"DEBUG=1",
					"$(inherited)",
				);
				GCC_WARN_64_TO_32_BIT_CONVERSION = YES;
				GCC_WARN_ABOUT_RETURN_TYPE = YES_ERROR;
				GCC_WARN_UNDECLARED_SELECTOR = YES;
				GCC_WARN_UNINITIALIZED_AUTOS = YES_AGGRESSIVE;
				GCC_WARN_UNUSED_FUNCTION = YES;
				GCC_WARN_UNUSED_VARIABLE = YES;
				IPHONEOS_DEPLOYMENT_TARGET = 10.2;
				MTL_ENABLE_DEBUG_INFO = YES;
				ONLY_ACTIVE_ARCH = YES;
				SDKROOT = iphoneos;
				SWIFT_ACTIVE_COMPILATION_CONDITIONS = DEBUG;
				SWIFT_OPTIMIZATION_LEVEL = "-Onone";
				TARGETED_DEVICE_FAMILY = "1,2";
			};
			name = Debug;
		};
		7F75C5401E4536EA003B08C5 /* Release */ = {
			isa = XCBuildConfiguration;
			buildSettings = {
				ALWAYS_SEARCH_USER_PATHS = NO;
				CLANG_ANALYZER_NONNULL = YES;
				CLANG_CXX_LANGUAGE_STANDARD = "gnu++0x";
				CLANG_CXX_LIBRARY = "libc++";
				CLANG_ENABLE_MODULES = YES;
				CLANG_ENABLE_OBJC_ARC = YES;
				CLANG_WARN_BLOCK_CAPTURE_AUTORELEASING = YES;
				CLANG_WARN_BOOL_CONVERSION = YES;
				CLANG_WARN_COMMA = YES;
				CLANG_WARN_CONSTANT_CONVERSION = YES;
				CLANG_WARN_DIRECT_OBJC_ISA_USAGE = YES_ERROR;
				CLANG_WARN_DOCUMENTATION_COMMENTS = YES;
				CLANG_WARN_EMPTY_BODY = YES;
				CLANG_WARN_ENUM_CONVERSION = YES;
				CLANG_WARN_INFINITE_RECURSION = YES;
				CLANG_WARN_INT_CONVERSION = YES;
				CLANG_WARN_NON_LITERAL_NULL_CONVERSION = YES;
				CLANG_WARN_OBJC_LITERAL_CONVERSION = YES;
				CLANG_WARN_OBJC_ROOT_CLASS = YES_ERROR;
				CLANG_WARN_RANGE_LOOP_ANALYSIS = YES;
				CLANG_WARN_STRICT_PROTOTYPES = YES;
				CLANG_WARN_SUSPICIOUS_MOVE = YES;
				CLANG_WARN_UNREACHABLE_CODE = YES;
				CLANG_WARN__DUPLICATE_METHOD_MATCH = YES;
				"CODE_SIGN_IDENTITY[sdk=iphoneos*]" = "iPhone Developer";
				COPY_PHASE_STRIP = NO;
				DEBUG_INFORMATION_FORMAT = "dwarf-with-dsym";
				ENABLE_NS_ASSERTIONS = NO;
				ENABLE_STRICT_OBJC_MSGSEND = YES;
				GCC_C_LANGUAGE_STANDARD = gnu99;
				GCC_NO_COMMON_BLOCKS = YES;
				GCC_WARN_64_TO_32_BIT_CONVERSION = YES;
				GCC_WARN_ABOUT_RETURN_TYPE = YES_ERROR;
				GCC_WARN_UNDECLARED_SELECTOR = YES;
				GCC_WARN_UNINITIALIZED_AUTOS = YES_AGGRESSIVE;
				GCC_WARN_UNUSED_FUNCTION = YES;
				GCC_WARN_UNUSED_VARIABLE = YES;
				IPHONEOS_DEPLOYMENT_TARGET = 10.2;
				MTL_ENABLE_DEBUG_INFO = NO;
				SDKROOT = iphoneos;
				SWIFT_OPTIMIZATION_LEVEL = "-Owholemodule";
				TARGETED_DEVICE_FAMILY = "1,2";
				VALIDATE_PRODUCT = YES;
			};
			name = Release;
		};
		7F75C5421E4536EA003B08C5 /* Debug */ = {
			isa = XCBuildConfiguration;
			baseConfigurationReference = 13D5E72F75F79FB57BF6E1D1 /* Pods-UITestHelperApp.debug.xcconfig */;
			buildSettings = {
				ASSETCATALOG_COMPILER_APPICON_NAME = AppIcon;
				DEVELOPMENT_TEAM = WTH4QGEA23;
				INFOPLIST_FILE = UITestHelper/Info.plist;
				LD_RUNPATH_SEARCH_PATHS = "$(inherited) @executable_path/Frameworks";
				PRODUCT_BUNDLE_IDENTIFIER = nl.evict.UITestHelper;
				PRODUCT_NAME = "$(TARGET_NAME)";
				SWIFT_VERSION = 4.0;
			};
			name = Debug;
		};
		7F75C5431E4536EA003B08C5 /* Release */ = {
			isa = XCBuildConfiguration;
			baseConfigurationReference = C296AF9CAAD6BA87B1527802 /* Pods-UITestHelperApp.release.xcconfig */;
			buildSettings = {
				ASSETCATALOG_COMPILER_APPICON_NAME = AppIcon;
				DEVELOPMENT_TEAM = WTH4QGEA23;
				INFOPLIST_FILE = UITestHelper/Info.plist;
				LD_RUNPATH_SEARCH_PATHS = "$(inherited) @executable_path/Frameworks";
				PRODUCT_BUNDLE_IDENTIFIER = nl.evict.UITestHelper;
				PRODUCT_NAME = "$(TARGET_NAME)";
				SWIFT_VERSION = 4.0;
			};
			name = Release;
		};
		7F75C5451E4536EA003B08C5 /* Debug */ = {
			isa = XCBuildConfiguration;
			baseConfigurationReference = 18BB0B8A63042C713FBAEA73 /* Pods-UITestHelperUITests.debug.xcconfig */;
			buildSettings = {
				DEVELOPMENT_TEAM = WTH4QGEA23;
				INFOPLIST_FILE = UITestHelperUITests/Info.plist;
				LD_RUNPATH_SEARCH_PATHS = "$(inherited) @executable_path/Frameworks @loader_path/Frameworks";
				PRODUCT_BUNDLE_IDENTIFIER = nl.evict.UITestHelperUITests;
				PRODUCT_NAME = "$(TARGET_NAME)";
				PROVISIONING_PROFILE = "";
				SWIFT_VERSION = 4.0;
				TEST_TARGET_NAME = UITestHelperApp;
			};
			name = Debug;
		};
		7F75C5461E4536EA003B08C5 /* Release */ = {
			isa = XCBuildConfiguration;
			baseConfigurationReference = 5DF975904D9582FA4EF9DCA0 /* Pods-UITestHelperUITests.release.xcconfig */;
			buildSettings = {
				DEVELOPMENT_TEAM = WTH4QGEA23;
				INFOPLIST_FILE = UITestHelperUITests/Info.plist;
				LD_RUNPATH_SEARCH_PATHS = "$(inherited) @executable_path/Frameworks @loader_path/Frameworks";
				PRODUCT_BUNDLE_IDENTIFIER = nl.evict.UITestHelperUITests;
				PRODUCT_NAME = "$(TARGET_NAME)";
				PROVISIONING_PROFILE = "";
				SWIFT_VERSION = 4.0;
				TEST_TARGET_NAME = UITestHelperApp;
			};
			name = Release;
		};
/* End XCBuildConfiguration section */

/* Begin XCConfigurationList section */
		7F75C51F1E4536EA003B08C5 /* Build configuration list for PBXProject "UITestHelper" */ = {
			isa = XCConfigurationList;
			buildConfigurations = (
				7F75C53F1E4536EA003B08C5 /* Debug */,
				7F75C5401E4536EA003B08C5 /* Release */,
			);
			defaultConfigurationIsVisible = 0;
			defaultConfigurationName = Release;
		};
		7F75C5411E4536EA003B08C5 /* Build configuration list for PBXNativeTarget "UITestHelperApp" */ = {
			isa = XCConfigurationList;
			buildConfigurations = (
				7F75C5421E4536EA003B08C5 /* Debug */,
				7F75C5431E4536EA003B08C5 /* Release */,
			);
			defaultConfigurationIsVisible = 0;
			defaultConfigurationName = Release;
		};
		7F75C5441E4536EA003B08C5 /* Build configuration list for PBXNativeTarget "UITestHelperUITests" */ = {
			isa = XCConfigurationList;
			buildConfigurations = (
				7F75C5451E4536EA003B08C5 /* Debug */,
				7F75C5461E4536EA003B08C5 /* Release */,
			);
			defaultConfigurationIsVisible = 0;
			defaultConfigurationName = Release;
		};
/* End XCConfigurationList section */
	};
	rootObject = 7F75C51C1E4536EA003B08C5 /* Project object */;
}
